{
  "name": "appDemo",
  "version": "1.0.0",
  "lockfileVersion": 1,
  "requires": true,
  "dependencies": {
    "async-validator": {
      "version": "4.0.3",
      "resolved": "https://r.cnpmjs.org/async-validator/download/async-validator-4.0.3.tgz",
      "integrity": "sha1-yOzWso/I4YsUvk7HxwRkH5mdN30="
    },
    "uni-read-pages": {
      "version": "1.0.5",
      "resolved": "https://r.cnpmjs.org/uni-read-pages/download/uni-read-pages-1.0.5.tgz",
      "integrity": "sha1-RSyNyqiXe7rvYAkJvpJsjZcEOHw="
    },
    "uni-simple-router": {
      "version": "2.0.7",
      "resolved": "https://r.cnpmjs.org/uni-simple-router/download/uni-simple-router-2.0.7.tgz",
      "integrity": "sha1-BOC1vmzXM6HsudNaPb6C8n9IIE4="
    },
    "uview-ui": {
      "version": "1.8.4",
      "resolved": "https://r.cnpmjs.org/uview-ui/download/uview-ui-1.8.4.tgz",
      "integrity": "sha1-4yu/I3lCHTGQIuMk4ct7U4fTvUQ="
    }
  }
}
